
Microsoft Visual Studio Solution File, Format Version 12.00
# Visual Studio Version 17
VisualStudioVersion = 17.9.34728.123
MinimumVisualStudioVersion = 10.0.40219.1
Project("{FAE04EC0-301F-11D3-BF4B-00C04F79EFBC}") = "Middleware_globalexceptionhandler", "Middleware_globalexceptionhandler\Middleware_globalexceptionhandler.csproj", "{1C878BB5-796F-4FDE-B2BF-002D19D3FD7F}"
EndProject
Global
	GlobalSection(SolutionConfigurationPlatforms) = preSolution
		Debug|Any CPU = Debug|Any CPU
		Release|Any CPU = Release|Any CPU
	EndGlobalSection
	GlobalSection(ProjectConfigurationPlatforms) = postSolution
		{1C878BB5-796F-4FDE-B2BF-002D19D3FD7F}.Debug|Any CPU.ActiveCfg = Debug|Any CPU
		{1C878BB5-796F-4FDE-B2BF-002D19D3FD7F}.Debug|Any CPU.Build.0 = Debug|Any CPU
		{1C878BB5-796F-4FDE-B2BF-002D19D3FD7F}.Release|Any CPU.ActiveCfg = Release|Any CPU
		{1C878BB5-796F-4FDE-B2BF-002D19D3FD7F}.Release|Any CPU.Build.0 = Release|Any CPU
	EndGlobalSection
	GlobalSection(SolutionProperties) = preSolution
		HideSolutionNode = FALSE
	EndGlobalSection
	GlobalSection(ExtensibilityGlobals) = postSolution
		SolutionGuid = {BF16FE1B-64FA-4036-895C-E55760DD54A3}
	EndGlobalSection
EndGlobal
